
Microsoft Visual Studio Solution File, Format Version 12.00
# Visual Studio Version 16
VisualStudioVersion = 16.0.29709.97
MinimumVisualStudioVersion = 10.0.40219.1
Project("{FAE04EC0-301F-11D3-BF4B-00C04F79EFBC}") = "SampleWebWidMVC", "SampleWebWidMVC.csproj", "{FCA83073-C975-4D0C-912E-13903CDAE61D}"
EndProject
Global
	GlobalSection(SolutionConfigurationPlatforms) = preSolution
		Debug|Any CPU = Debug|Any CPU
		Release|Any CPU = Release|Any CPU
	EndGlobalSection
	GlobalSection(ProjectConfigurationPlatforms) = postSolution
		{FCA83073-C975-4D0C-912E-13903CDAE61D}.Debug|Any CPU.ActiveCfg = Debug|Any CPU
		{FCA83073-C975-4D0C-912E-13903CDAE61D}.Debug|Any CPU.Build.0 = Debug|Any CPU
		{FCA83073-C975-4D0C-912E-13903CDAE61D}.Release|Any CPU.ActiveCfg = Release|Any CPU
		{FCA83073-C975-4D0C-912E-13903CDAE61D}.Release|Any CPU.Build.0 = Release|Any CPU
	EndGlobalSection
	GlobalSection(SolutionProperties) = preSolution
		HideSolutionNode = FALSE
	EndGlobalSection
	GlobalSection(ExtensibilityGlobals) = postSolution
		SolutionGuid = {F2B8FE04-9C95-4EF6-A43B-554AF692005F}
	EndGlobalSection
EndGlobal
